
Microsoft Visual Studio Solution File, Format Version 12.00
# Visual Studio 14
VisualStudioVersion = 14.0.21901.1
MinimumVisualStudioVersion = 10.0.40219.1
Project("{FAE04EC0-301F-11D3-BF4B-00C04F79EFBC}") = "com.ParttimeSoftware.HelpersThatShouldAlreadyBeThere", "com.ParttimeSoftware.HelpersThatShouldAlreadyBeThere.csproj", "{1D688F38-3F71-4462-925E-E47441C7C63D}"
EndProject
Project("{FAE04EC0-301F-11D3-BF4B-00C04F79EFBC}") = "com.ParttimeSoftware.HelpersThatShouldAlready.Test", "..\com.ParttimeSoftware.HelpersThatShouldAlready.Test\com.ParttimeSoftware.HelpersThatShouldAlready.Test.csproj", "{DA3E3404-4034-45FE-98E0-A74327885E39}"
EndProject
Global
	GlobalSection(SolutionConfigurationPlatforms) = preSolution
		Debug|Any CPU = Debug|Any CPU
		Release|Any CPU = Release|Any CPU
	EndGlobalSection
	GlobalSection(ProjectConfigurationPlatforms) = postSolution
		{1D688F38-3F71-4462-925E-E47441C7C63D}.Debug|Any CPU.ActiveCfg = Debug|Any CPU
		{1D688F38-3F71-4462-925E-E47441C7C63D}.Debug|Any CPU.Build.0 = Debug|Any CPU
		{1D688F38-3F71-4462-925E-E47441C7C63D}.Release|Any CPU.ActiveCfg = Release|Any CPU
		{1D688F38-3F71-4462-925E-E47441C7C63D}.Release|Any CPU.Build.0 = Release|Any CPU
		{DA3E3404-4034-45FE-98E0-A74327885E39}.Debug|Any CPU.ActiveCfg = Debug|Any CPU
		{DA3E3404-4034-45FE-98E0-A74327885E39}.Debug|Any CPU.Build.0 = Debug|Any CPU
		{DA3E3404-4034-45FE-98E0-A74327885E39}.Release|Any CPU.ActiveCfg = Release|Any CPU
		{DA3E3404-4034-45FE-98E0-A74327885E39}.Release|Any CPU.Build.0 = Release|Any CPU
	EndGlobalSection
	GlobalSection(SolutionProperties) = preSolution
		HideSolutionNode = FALSE
	EndGlobalSection
EndGlobal
